
Microsoft Visual Studio Solution File, Format Version 12.00
# Visual Studio Version 17
VisualStudioVersion = 17.0.31903.59
MinimumVisualStudioVersion = 10.0.40219.1
Project("{FAE04EC0-301F-11D3-BF4B-00C04F79EFBC}") = "StudentHelper.Web", "StudentHelper.Web\StudentHelper.Web.csproj", "{4DDDD586-4D3C-427D-A961-6A0E3A2548FF}"
EndProject
Project("{FAE04EC0-301F-11D3-BF4B-00C04F79EFBC}") = "StudentHelper.Domain", "StudentHelper.Domain\StudentHelper.Domain.csproj", "{EABD24BA-9BD3-4927-8CA0-72849B5D4456}"
EndProject
Project("{FAE04EC0-301F-11D3-BF4B-00C04F79EFBC}") = "StudentHelper.Application", "StudentHelper.Application\StudentHelper.Application.csproj", "{FEA2DB82-0162-4982-85EA-F83F5DF45E68}"
EndProject
Project("{FAE04EC0-301F-11D3-BF4B-00C04F79EFBC}") = "StudentHelper.Infrastructure", "StudentHelper.Infrastructure\StudentHelper.Infrastructure.csproj", "{C40A4A3B-CF35-4E92-B6FD-52C417CA6245}"
EndProject
Project("{FAE04EC0-301F-11D3-BF4B-00C04F79EFBC}") = "StudentHelper.Application.Tests", "StudentHelper.Application.Tests\StudentHelper.Application.Tests.csproj", "{5B5B104D-F2AD-40BF-9625-8FEAC799AAB9}"
EndProject
Global
	GlobalSection(SolutionConfigurationPlatforms) = preSolution
		Debug|Any CPU = Debug|Any CPU
		Debug|x64 = Debug|x64
		Debug|x86 = Debug|x86
		Release|Any CPU = Release|Any CPU
		Release|x64 = Release|x64
		Release|x86 = Release|x86
	EndGlobalSection
	GlobalSection(ProjectConfigurationPlatforms) = postSolution
		{4DDDD586-4D3C-427D-A961-6A0E3A2548FF}.Debug|Any CPU.ActiveCfg = Debug|Any CPU
		{4DDDD586-4D3C-427D-A961-6A0E3A2548FF}.Debug|Any CPU.Build.0 = Debug|Any CPU
		{4DDDD586-4D3C-427D-A961-6A0E3A2548FF}.Debug|x64.ActiveCfg = Debug|Any CPU
		{4DDDD586-4D3C-427D-A961-6A0E3A2548FF}.Debug|x64.Build.0 = Debug|Any CPU
		{4DDDD586-4D3C-427D-A961-6A0E3A2548FF}.Debug|x86.ActiveCfg = Debug|Any CPU
		{4DDDD586-4D3C-427D-A961-6A0E3A2548FF}.Debug|x86.Build.0 = Debug|Any CPU
		{4DDDD586-4D3C-427D-A961-6A0E3A2548FF}.Release|Any CPU.ActiveCfg = Release|Any CPU
		{4DDDD586-4D3C-427D-A961-6A0E3A2548FF}.Release|Any CPU.Build.0 = Release|Any CPU
		{4DDDD586-4D3C-427D-A961-6A0E3A2548FF}.Release|x64.ActiveCfg = Release|Any CPU
		{4DDDD586-4D3C-427D-A961-6A0E3A2548FF}.Release|x64.Build.0 = Release|Any CPU
		{4DDDD586-4D3C-427D-A961-6A0E3A2548FF}.Release|x86.ActiveCfg = Release|Any CPU
		{4DDDD586-4D3C-427D-A961-6A0E3A2548FF}.Release|x86.Build.0 = Release|Any CPU
		{EABD24BA-9BD3-4927-8CA0-72849B5D4456}.Debug|Any CPU.ActiveCfg = Debug|Any CPU
		{EABD24BA-9BD3-4927-8CA0-72849B5D4456}.Debug|Any CPU.Build.0 = Debug|Any CPU
		{EABD24BA-9BD3-4927-8CA0-72849B5D4456}.Debug|x64.ActiveCfg = Debug|Any CPU
		{EABD24BA-9BD3-4927-8CA0-72849B5D4456}.Debug|x64.Build.0 = Debug|Any CPU
		{EABD24BA-9BD3-4927-8CA0-72849B5D4456}.Debug|x86.ActiveCfg = Debug|Any CPU
		{EABD24BA-9BD3-4927-8CA0-72849B5D4456}.Debug|x86.Build.0 = Debug|Any CPU
		{EABD24BA-9BD3-4927-8CA0-72849B5D4456}.Release|Any CPU.ActiveCfg = Release|Any CPU
		{EABD24BA-9BD3-4927-8CA0-72849B5D4456}.Release|Any CPU.Build.0 = Release|Any CPU
		{EABD24BA-9BD3-4927-8CA0-72849B5D4456}.Release|x64.ActiveCfg = Release|Any CPU
		{EABD24BA-9BD3-4927-8CA0-72849B5D4456}.Release|x64.Build.0 = Release|Any CPU
		{EABD24BA-9BD3-4927-8CA0-72849B5D4456}.Release|x86.ActiveCfg = Release|Any CPU
		{EABD24BA-9BD3-4927-8CA0-72849B5D4456}.Release|x86.Build.0 = Release|Any CPU
		{FEA2DB82-0162-4982-85EA-F83F5DF45E68}.Debug|Any CPU.ActiveCfg = Debug|Any CPU
		{FEA2DB82-0162-4982-85EA-F83F5DF45E68}.Debug|Any CPU.Build.0 = Debug|Any CPU
		{FEA2DB82-0162-4982-85EA-F83F5DF45E68}.Debug|x64.ActiveCfg = Debug|Any CPU
		{FEA2DB82-0162-4982-85EA-F83F5DF45E68}.Debug|x64.Build.0 = Debug|Any CPU
		{FEA2DB82-0162-4982-85EA-F83F5DF45E68}.Debug|x86.ActiveCfg = Debug|Any CPU
		{FEA2DB82-0162-4982-85EA-F83F5DF45E68}.Debug|x86.Build.0 = Debug|Any CPU
		{FEA2DB82-0162-4982-85EA-F83F5DF45E68}.Release|Any CPU.ActiveCfg = Release|Any CPU
		{FEA2DB82-0162-4982-85EA-F83F5DF45E68}.Release|Any CPU.Build.0 = Release|Any CPU
		{FEA2DB82-0162-4982-85EA-F83F5DF45E68}.Release|x64.ActiveCfg = Release|Any CPU
		{FEA2DB82-0162-4982-85EA-F83F5DF45E68}.Release|x64.Build.0 = Release|Any CPU
		{FEA2DB82-0162-4982-85EA-F83F5DF45E68}.Release|x86.ActiveCfg = Release|Any CPU
		{FEA2DB82-0162-4982-85EA-F83F5DF45E68}.Release|x86.Build.0 = Release|Any CPU
		{C40A4A3B-CF35-4E92-B6FD-52C417CA6245}.Debug|Any CPU.ActiveCfg = Debug|Any CPU
		{C40A4A3B-CF35-4E92-B6FD-52C417CA6245}.Debug|Any CPU.Build.0 = Debug|Any CPU
		{C40A4A3B-CF35-4E92-B6FD-52C417CA6245}.Debug|x64.ActiveCfg = Debug|Any CPU
		{C40A4A3B-CF35-4E92-B6FD-52C417CA6245}.Debug|x64.Build.0 = Debug|Any CPU
		{C40A4A3B-CF35-4E92-B6FD-52C417CA6245}.Debug|x86.ActiveCfg = Debug|Any CPU
		{C40A4A3B-CF35-4E92-B6FD-52C417CA6245}.Debug|x86.Build.0 = Debug|Any CPU
		{C40A4A3B-CF35-4E92-B6FD-52C417CA6245}.Release|Any CPU.ActiveCfg = Release|Any CPU
		{C40A4A3B-CF35-4E92-B6FD-52C417CA6245}.Release|Any CPU.Build.0 = Release|Any CPU
		{C40A4A3B-CF35-4E92-B6FD-52C417CA6245}.Release|x64.ActiveCfg = Release|Any CPU
		{C40A4A3B-CF35-4E92-B6FD-52C417CA6245}.Release|x64.Build.0 = Release|Any CPU
		{C40A4A3B-CF35-4E92-B6FD-52C417CA6245}.Release|x86.ActiveCfg = Release|Any CPU
		{C40A4A3B-CF35-4E92-B6FD-52C417CA6245}.Release|x86.Build.0 = Release|Any CPU
		{5B5B104D-F2AD-40BF-9625-8FEAC799AAB9}.Debug|Any CPU.ActiveCfg = Debug|Any CPU
		{5B5B104D-F2AD-40BF-9625-8FEAC799AAB9}.Debug|Any CPU.Build.0 = Debug|Any CPU
		{5B5B104D-F2AD-40BF-9625-8FEAC799AAB9}.Debug|x64.ActiveCfg = Debug|Any CPU
		{5B5B104D-F2AD-40BF-9625-8FEAC799AAB9}.Debug|x64.Build.0 = Debug|Any CPU
		{5B5B104D-F2AD-40BF-9625-8FEAC799AAB9}.Debug|x86.ActiveCfg = Debug|Any CPU
		{5B5B104D-F2AD-40BF-9625-8FEAC799AAB9}.Debug|x86.Build.0 = Debug|Any CPU
		{5B5B104D-F2AD-40BF-9625-8FEAC799AAB9}.Release|Any CPU.ActiveCfg = Release|Any CPU
		{5B5B104D-F2AD-40BF-9625-8FEAC799AAB9}.Release|Any CPU.Build.0 = Release|Any CPU
		{5B5B104D-F2AD-40BF-9625-8FEAC799AAB9}.Release|x64.ActiveCfg = Release|Any CPU
		{5B5B104D-F2AD-40BF-9625-8FEAC799AAB9}.Release|x64.Build.0 = Release|Any CPU
		{5B5B104D-F2AD-40BF-9625-8FEAC799AAB9}.Release|x86.ActiveCfg = Release|Any CPU
		{5B5B104D-F2AD-40BF-9625-8FEAC799AAB9}.Release|x86.Build.0 = Release|Any CPU
	EndGlobalSection
	GlobalSection(SolutionProperties) = preSolution
		HideSolutionNode = FALSE
	EndGlobalSection
	GlobalSection(ExtensibilityGlobals) = postSolution
		SolutionGuid = {4B021921-C775-41B4-AB6A-24806DC39E57}
	EndGlobalSection
EndGlobal
